
Microsoft Visual Studio Solution File, Format Version 12.00
# Visual Studio 15
VisualStudioVersion = 15.0.28010.2050
MinimumVisualStudioVersion = 10.0.40219.1
Project("{FAE04EC0-301F-11D3-BF4B-00C04F79EFBC}") = "WebcamCapturer.Controls", "WebcamCapturer.Controls\WebcamCapturer.Controls.csproj", "{B920DC35-AB05-4A84-8171-F081C6DECB83}"
EndProject
Project("{2150E333-8FDC-42A3-9474-1A3956D46DE8}") = "Solution Items", "Solution Items", "{F562285E-4229-4DA3-A519-7FA45CB93353}"
	ProjectSection(SolutionItems) = preProject
		appveyor.yml = appveyor.yml
		README.md = README.md
	EndProjectSection
EndProject
Global
	GlobalSection(SolutionConfigurationPlatforms) = preSolution
		Debug|Any CPU = Debug|Any CPU
		Release|Any CPU = Release|Any CPU
	EndGlobalSection
	GlobalSection(ProjectConfigurationPlatforms) = postSolution
		{B920DC35-AB05-4A84-8171-F081C6DECB83}.Debug|Any CPU.ActiveCfg = Debug|Any CPU
		{B920DC35-AB05-4A84-8171-F081C6DECB83}.Debug|Any CPU.Build.0 = Debug|Any CPU
		{B920DC35-AB05-4A84-8171-F081C6DECB83}.Release|Any CPU.ActiveCfg = Release|Any CPU
		{B920DC35-AB05-4A84-8171-F081C6DECB83}.Release|Any CPU.Build.0 = Release|Any CPU
	EndGlobalSection
	GlobalSection(SolutionProperties) = preSolution
		HideSolutionNode = FALSE
	EndGlobalSection
	GlobalSection(ExtensibilityGlobals) = postSolution
		SolutionGuid = {162301F1-EA23-413B-88C0-9D9759D1B13B}
	EndGlobalSection
EndGlobal
